
Microsoft Visual Studio Solution File, Format Version 12.00
# Visual Studio Version 16
VisualStudioVersion = 25.0.1705.2
MinimumVisualStudioVersion = 10.0.40219.1
Project("{FAE04EC0-301F-11D3-BF4B-00C04F79EFBC}") = "SunnyPlace_BlazorServer", "SunnyPlace_BlazorServer.csproj", "{083392AD-B509-4E80-8602-0882B8AB30E8}"
EndProject
Global
	GlobalSection(SolutionConfigurationPlatforms) = preSolution
		Debug|Any CPU = Debug|Any CPU
		Release|Any CPU = Release|Any CPU
	EndGlobalSection
	GlobalSection(ProjectConfigurationPlatforms) = postSolution
		{083392AD-B509-4E80-8602-0882B8AB30E8}.Debug|Any CPU.ActiveCfg = Debug|Any CPU
		{083392AD-B509-4E80-8602-0882B8AB30E8}.Debug|Any CPU.Build.0 = Debug|Any CPU
		{083392AD-B509-4E80-8602-0882B8AB30E8}.Release|Any CPU.ActiveCfg = Release|Any CPU
		{083392AD-B509-4E80-8602-0882B8AB30E8}.Release|Any CPU.Build.0 = Release|Any CPU
	EndGlobalSection
	GlobalSection(SolutionProperties) = preSolution
		HideSolutionNode = FALSE
	EndGlobalSection
	GlobalSection(ExtensibilityGlobals) = postSolution
		SolutionGuid = {AC57B045-266D-49F0-B6A0-F67522A819B6}
	EndGlobalSection
EndGlobal
