
Microsoft Visual Studio Solution File, Format Version 12.00
# Visual Studio Version 16
VisualStudioVersion = 25.0.1705.2
MinimumVisualStudioVersion = 10.0.40219.1
Project("{FAE04EC0-301F-11D3-BF4B-00C04F79EFBC}") = "SunnyPlace_WSMB", "SunnyPlace_WSMB.csproj", "{42DAD1F3-B839-4479-BB1A-292BFFECA897}"
EndProject
Global
	GlobalSection(SolutionConfigurationPlatforms) = preSolution
		Debug|Any CPU = Debug|Any CPU
		Release|Any CPU = Release|Any CPU
	EndGlobalSection
	GlobalSection(ProjectConfigurationPlatforms) = postSolution
		{42DAD1F3-B839-4479-BB1A-292BFFECA897}.Debug|Any CPU.ActiveCfg = Debug|Any CPU
		{42DAD1F3-B839-4479-BB1A-292BFFECA897}.Debug|Any CPU.Build.0 = Debug|Any CPU
		{42DAD1F3-B839-4479-BB1A-292BFFECA897}.Release|Any CPU.ActiveCfg = Release|Any CPU
		{42DAD1F3-B839-4479-BB1A-292BFFECA897}.Release|Any CPU.Build.0 = Release|Any CPU
	EndGlobalSection
	GlobalSection(SolutionProperties) = preSolution
		HideSolutionNode = FALSE
	EndGlobalSection
	GlobalSection(ExtensibilityGlobals) = postSolution
		SolutionGuid = {0CABA560-9F55-4CAA-9160-02DE991C3F25}
	EndGlobalSection
EndGlobal
